Microsoft Visual Studio Solution File, Format Version 12.00
# Visual Studio Version 17
VisualStudioVersion = 17.13.35617.110
MinimumVisualStudioVersion = 10.0.40219.1
Project("{FAE04EC0-301F-11D3-BF4B-00C04F79EFBC}") = "4.ComboBox", "4.ComboBox1\4.ComboBox.csproj", "{21FC9293-609C-44D2-A269-AB061FC2C5D9}"
EndProject
Project("{FAE04EC0-301F-11D3-BF4B-00C04F79EFBC}") = "5.CheckBox", "5.CheckBox\5.CheckBox.csproj", "{8A714EA7-24DD-4344-921B-5DD433F1A7EB}"
EndProject
Project("{FAE04EC0-301F-11D3-BF4B-00C04F79EFBC}") = "6.RadioButton", "6.RadioButton\6.RadioButton.csproj", "{A3389ADA-B053-4890-B129-5A8244CC69C1}"
EndProject
Project("{FAE04EC0-301F-11D3-BF4B-00C04F79EFBC}") = "7.Slider", "7.Slider\7.Slider.csproj", "{C2F08E28-7F82-48FF-AFBF-94B204DEAC6C}"
EndProject
Project("{FAE04EC0-301F-11D3-BF4B-00C04F79EFBC}") = "8.ToggleButton", "8.ToggleButton\8.ToggleButton.csproj", "{49F30728-74D2-4807-AA10-4DE3422518B8}"
EndProject
Project("{FAE04EC0-301F-11D3-BF4B-00C04F79EFBC}") = "9.ListBox", "9.ListBox\9.ListBox.csproj", "{CDF5D7AE-0874-4EF1-82B8-9CA3D41C0CA1}"
EndProject
Project("{FAE04EC0-301F-11D3-BF4B-00C04F79EFBC}") = "10.DatePicker", "10.DatePicker\10.DatePicker.csproj", "{DC7F6B9C-FA68-4D58-9865-A7921A4F04D7}"
EndProject
Project("{FAE04EC0-301F-11D3-BF4B-00C04F79EFBC}") = "11.TabControl", "11.TabControl\11.TabControl.csproj", "{42681B19-FA2C-478E-B98D-A782C84F0578}"
EndProject
Project("{FAE04EC0-301F-11D3-BF4B-00C04F79EFBC}") = "12.Expander", "12.Expander\12.Expander.csproj", "{B5EFD82D-03AA-4CAA-9561-D03B738BED39}"
EndProject
Project("{FAE04EC0-301F-11D3-BF4B-00C04F79EFBC}") = "13.TreeView", "13.TreeView\13.TreeView.csproj", "{BDB90B0E-AA93-4858-9AD9-FB996C1A11AF}"
EndProject
Project("{FAE04EC0-301F-11D3-BF4B-00C04F79EFBC}") = "14.ProgressBar", "14.ProgressBar\14.ProgressBar.csproj", "{0C4E8BC0-A679-4902-AE3D-B3452E782150}"
EndProject
Project("{FAE04EC0-301F-11D3-BF4B-00C04F79EFBC}") = "15.DataGrid", "15.DataGrid\15.DataGrid.csproj", "{5FDE64C1-200B-41E9-AFDC-88FF4F575A61}"
EndProject
Project("{FAE04EC0-301F-11D3-BF4B-00C04F79EFBC}") = "1.TextBlock", "1.TextBlock\1.TextBlock.csproj", "{FEA8A891-0E79-49EB-8F69-FEB4A7F748FA}"
EndProject
Project("{FAE04EC0-301F-11D3-BF4B-00C04F79EFBC}") = "2.Button", "2.Button\2.Button.csproj", "{ABC578E2-47F8-433E-B4FB-61C7052E8CB3}"
EndProject
Project("{FAE04EC0-301F-11D3-BF4B-00C04F79EFBC}") = "3.TextBox", "3.TextBox\3.TextBox.csproj", "{AF34F080-442E-4783-A220-018DB5AADE93}"
EndProject
Project("{FAE04EC0-301F-11D3-BF4B-00C04F79EFBC}") = "16.PasswordBox", "16.PasswordBox\16.PasswordBox.csproj", "{13CC299D-8F21-447D-B29A-DC25F710277D}"
EndProject
Project("{FAE04EC0-301F-11D3-BF4B-00C04F79EFBC}") = "17.Menu_ContextMenu", "17.Menu_ContextMenu\17.Menu_ContextMenu.csproj", "{2464758C-0CCB-40D0-9C16-FCCBF28DF3A4}"
EndProject
Project("{FAE04EC0-301F-11D3-BF4B-00C04F79EFBC}") = "18.GroupBox", "18.GroupBox\18.GroupBox.csproj", "{9AF1F83A-216E-4999-95B5-FE7F89C7D6E0}"
EndProject
Project("{FAE04EC0-301F-11D3-BF4B-00C04F79EFBC}") = "19.WrapPanel", "19.WrapPanel\19.WrapPanel.csproj", "{17AC3034-A708-4012-9E27-6575E8EC0405}"
EndProject
Project("{FAE04EC0-301F-11D3-BF4B-00C04F79EFBC}") = "20.Popup", "20.Popup\20.Popup.csproj", "{DE9E8F00-AE30-4AD4-AC0B-701EB9859D81}"
EndProject
Project("{FAE04EC0-301F-11D3-BF4B-00C04F79EFBC}") = "21.ToolTip", "21.ToolTip\21.ToolTip.csproj", "{2C72F156-BB3D-4337-AC8A-8BDE2BEA9113}"
EndProject
Project("{FAE04EC0-301F-11D3-BF4B-00C04F79EFBC}") = "22.DockPanel", "22.DockPanel\22.DockPanel.csproj", "{6A6B1A95-0A14-46D9-BC07-C2DC5F90B2A4}"
EndProject
Project("{FAE04EC0-301F-11D3-BF4B-00C04F79EFBC}") = "23.GridSplitter", "23.GridSplitter\23.GridSplitter.csproj", "{9683E934-0978-43D8-8CB3-AC4808A4E2B0}"
EndProject
Project("{FAE04EC0-301F-11D3-BF4B-00C04F79EFBC}") = "24.MultiBinding", "24.MultiBinding\24.MultiBinding.csproj", "{CC9B18AF-0C3E-46A0-8B3E-318893658ED5}"
EndProject
Project("{FAE04EC0-301F-11D3-BF4B-00C04F79EFBC}") = "25.PriorityBinding", "25.PriorityBinding\25.PriorityBinding.csproj", "{72111191-D068-49C8-A9B3-3E4029452840}"
EndProject
Project("{FAE04EC0-301F-11D3-BF4B-00C04F79EFBC}") = "26.UniformGrid", "26.UniformGrid\26.UniformGrid.csproj", "{49283D25-8936-44F7-BB1E-57B15652C158}"
EndProject
Project("{FAE04EC0-301F-11D3-BF4B-00C04F79EFBC}") = "27.Canvas", "27.Canvas\27.Canvas.csproj", "{6FC8A09E-7346-4822-8BC7-1AC4E8C168B2}"
EndProject
Project("{FAE04EC0-301F-11D3-BF4B-00C04F79EFBC}") = "28.Viewbox", "28.Viewbox\28.Viewbox.csproj", "{B726EEB9-D912-423C-9EC1-FCB49F111CA0}"
EndProject
Project("{FAE04EC0-301F-11D3-BF4B-00C04F79EFBC}") = "29.ListView", "29.ListView\29.ListView.csproj", "{14AB210C-1588-4311-A375-DC6AC19F193C}"
EndProject
Project("{FAE04EC0-301F-11D3-BF4B-00C04F79EFBC}") = "31.Calendar", "31.Calendar\31.Calendar.csproj", "{61B214CA-ECBD-477F-AFE5-AF629F8255FC}"
EndProject
Project("{FAE04EC0-301F-11D3-BF4B-00C04F79EFBC}") = "32.RichTextBox", "32.RichTextBox\32.RichTextBox.csproj", "{E0F25F59-6A17-45DA-92F6-9BBD537DC922}"
EndProject
Project("{FAE04EC0-301F-11D3-BF4B-00C04F79EFBC}") = "33.ToolBarStatusBar", "32.ToolBarStatusBar\33.ToolBarStatusBar.csproj", "{0C4BECC9-C34D-4CF0-BCB3-64CAF7624DCD}"
EndProject
Project("{FAE04EC0-301F-11D3-BF4B-00C04F79EFBC}") = "30.ScrollViewer", "30.ScrollViewer\30.ScrollViewer.csproj", "{C1CEC6FC-18DD-F385-AF7B-E60CB3C9300D}"
EndProject
Project("{FAE04EC0-301F-11D3-BF4B-00C04F79EFBC}") = "34.ScrollBar", "34.ScrollBar\34.ScrollBar.csproj", "{709396EF-2667-4923-B4E5-8CFD72DBCA44}"
EndProject
Project("{FAE04EC0-301F-11D3-BF4B-00C04F79EFBC}") = "35.Thumb", "35.Thumb\35.Thumb.csproj", "{ECBD988C-C118-4A70-89E3-C492C03C121C}"
EndProject
Project("{FAE04EC0-301F-11D3-BF4B-00C04F79EFBC}") = "36.MediaElement", "36.MediaElement\36.MediaElement.csproj", "{1105083C-9510-4302-A8DA-AFBC8DC70348}"
EndProject
Project("{FAE04EC0-301F-11D3-BF4B-00C04F79EFBC}") = "37.InkCanvas", "37.InkCanvas\37.InkCanvas.csproj", "{62C89C6C-851C-4EA6-8208-16B6E5184334}"
EndProject
Project("{FAE04EC0-301F-11D3-BF4B-00C04F79EFBC}") = "38.AdornerLayer", "38.AdornerLayer\38.AdornerLayer.csproj", "{9B323333-D514-46BF-A544-E7DCB898A862}"
EndProject
Project("{FAE04EC0-301F-11D3-BF4B-00C04F79EFBC}") = "39.VirtualizingStackPanel", "39.VirtualizingStackPanel\39.VirtualizingStackPanel.csproj", "{A640D3AD-4A81-45D7-8A9D-89AF94AA393E}"
EndProject
Global
	GlobalSection(SolutionConfigurationPlatforms) = preSolution
		Debug|Any CPU = Debug|Any CPU
		Release|Any CPU = Release|Any CPU
	EndGlobalSection
	GlobalSection(ProjectConfigurationPlatforms) = postSolution
		{21FC9293-609C-44D2-A269-AB061FC2C5D9}.Debug|Any CPU.ActiveCfg = Debug|Any CPU
		{21FC9293-609C-44D2-A269-AB061FC2C5D9}.Debug|Any CPU.Build.0 = Debug|Any CPU
		{21FC9293-609C-44D2-A269-AB061FC2C5D9}.Release|Any CPU.ActiveCfg = Release|Any CPU
		{21FC9293-609C-44D2-A269-AB061FC2C5D9}.Release|Any CPU.Build.0 = Release|Any CPU
		{8A714EA7-24DD-4344-921B-5DD433F1A7EB}.Debug|Any CPU.ActiveCfg = Debug|Any CPU
		{8A714EA7-24DD-4344-921B-5DD433F1A7EB}.Debug|Any CPU.Build.0 = Debug|Any CPU
		{8A714EA7-24DD-4344-921B-5DD433F1A7EB}.Release|Any CPU.ActiveCfg = Release|Any CPU
		{8A714EA7-24DD-4344-921B-5DD433F1A7EB}.Release|Any CPU.Build.0 = Release|Any CPU
		{A3389ADA-B053-4890-B129-5A8244CC69C1}.Debug|Any CPU.ActiveCfg = Debug|Any CPU
		{A3389ADA-B053-4890-B129-5A8244CC69C1}.Debug|Any CPU.Build.0 = Debug|Any CPU
		{A3389ADA-B053-4890-B129-5A8244CC69C1}.Release|Any CPU.ActiveCfg = Release|Any CPU
		{A3389ADA-B053-4890-B129-5A8244CC69C1}.Release|Any CPU.Build.0 = Release|Any CPU
		{C2F08E28-7F82-48FF-AFBF-94B204DEAC6C}.Debug|Any CPU.ActiveCfg = Debug|Any CPU
		{C2F08E28-7F82-48FF-AFBF-94B204DEAC6C}.Debug|Any CPU.Build.0 = Debug|Any CPU
		{C2F08E28-7F82-48FF-AFBF-94B204DEAC6C}.Release|Any CPU.ActiveCfg = Release|Any CPU
		{C2F08E28-7F82-48FF-AFBF-94B204DEAC6C}.Release|Any CPU.Build.0 = Release|Any CPU
		{49F30728-74D2-4807-AA10-4DE3422518B8}.Debug|Any CPU.ActiveCfg = Debug|Any CPU
		{49F30728-74D2-4807-AA10-4DE3422518B8}.Debug|Any CPU.Build.0 = Debug|Any CPU
		{49F30728-74D2-4807-AA10-4DE3422518B8}.Release|Any CPU.ActiveCfg = Release|Any CPU
		{49F30728-74D2-4807-AA10-4DE3422518B8}.Release|Any CPU.Build.0 = Release|Any CPU
		{CDF5D7AE-0874-4EF1-82B8-9CA3D41C0CA1}.Debug|Any CPU.ActiveCfg = Debug|Any CPU
		{CDF5D7AE-0874-4EF1-82B8-9CA3D41C0CA1}.Debug|Any CPU.Build.0 = Debug|Any CPU
		{CDF5D7AE-0874-4EF1-82B8-9CA3D41C0CA1}.Release|Any CPU.ActiveCfg = Release|Any CPU
		{CDF5D7AE-0874-4EF1-82B8-9CA3D41C0CA1}.Release|Any CPU.Build.0 = Release|Any CPU
		{DC7F6B9C-FA68-4D58-9865-A7921A4F04D7}.Debug|Any CPU.ActiveCfg = Debug|Any CPU
		{DC7F6B9C-FA68-4D58-9865-A7921A4F04D7}.Debug|Any CPU.Build.0 = Debug|Any CPU
		{DC7F6B9C-FA68-4D58-9865-A7921A4F04D7}.Release|Any CPU.ActiveCfg = Release|Any CPU
		{DC7F6B9C-FA68-4D58-9865-A7921A4F04D7}.Release|Any CPU.Build.0 = Release|Any CPU
		{42681B19-FA2C-478E-B98D-A782C84F0578}.Debug|Any CPU.ActiveCfg = Debug|Any CPU
		{42681B19-FA2C-478E-B98D-A782C84F0578}.Debug|Any CPU.Build.0 = Debug|Any CPU
		{42681B19-FA2C-478E-B98D-A782C84F0578}.Release|Any CPU.ActiveCfg = Release|Any CPU
		{42681B19-FA2C-478E-B98D-A782C84F0578}.Release|Any CPU.Build.0 = Release|Any CPU
		{B5EFD82D-03AA-4CAA-9561-D03B738BED39}.Debug|Any CPU.ActiveCfg = Debug|Any CPU
		{B5EFD82D-03AA-4CAA-9561-D03B738BED39}.Debug|Any CPU.Build.0 = Debug|Any CPU
		{B5EFD82D-03AA-4CAA-9561-D03B738BED39}.Release|Any CPU.ActiveCfg = Release|Any CPU
		{B5EFD82D-03AA-4CAA-9561-D03B738BED39}.Release|Any CPU.Build.0 = Release|Any CPU
		{BDB90B0E-AA93-4858-9AD9-FB996C1A11AF}.Debug|Any CPU.ActiveCfg = Debug|Any CPU
		{BDB90B0E-AA93-4858-9AD9-FB996C1A11AF}.Debug|Any CPU.Build.0 = Debug|Any CPU
		{BDB90B0E-AA93-4858-9AD9-FB996C1A11AF}.Release|Any CPU.ActiveCfg = Release|Any CPU
		{BDB90B0E-AA93-4858-9AD9-FB996C1A11AF}.Release|Any CPU.Build.0 = Release|Any CPU
		{0C4E8BC0-A679-4902-AE3D-B3452E782150}.Debug|Any CPU.ActiveCfg = Debug|Any CPU
		{0C4E8BC0-A679-4902-AE3D-B3452E782150}.Debug|Any CPU.Build.0 = Debug|Any CPU
		{0C4E8BC0-A679-4902-AE3D-B3452E782150}.Release|Any CPU.ActiveCfg = Release|Any CPU
		{0C4E8BC0-A679-4902-AE3D-B3452E782150}.Release|Any CPU.Build.0 = Release|Any CPU
		{5FDE64C1-200B-41E9-AFDC-88FF4F575A61}.Debug|Any CPU.ActiveCfg = Debug|Any CPU
		{5FDE64C1-200B-41E9-AFDC-88FF4F575A61}.Debug|Any CPU.Build.0 = Debug|Any CPU
		{5FDE64C1-200B-41E9-AFDC-88FF4F575A61}.Release|Any CPU.ActiveCfg = Release|Any CPU
		{5FDE64C1-200B-41E9-AFDC-88FF4F575A61}.Release|Any CPU.Build.0 = Release|Any CPU
		{FEA8A891-0E79-49EB-8F69-FEB4A7F748FA}.Debug|Any CPU.ActiveCfg = Debug|Any CPU
		{FEA8A891-0E79-49EB-8F69-FEB4A7F748FA}.Debug|Any CPU.Build.0 = Debug|Any CPU
		{FEA8A891-0E79-49EB-8F69-FEB4A7F748FA}.Release|Any CPU.ActiveCfg = Release|Any CPU
		{FEA8A891-0E79-49EB-8F69-FEB4A7F748FA}.Release|Any CPU.Build.0 = Release|Any CPU
		{ABC578E2-47F8-433E-B4FB-61C7052E8CB3}.Debug|Any CPU.ActiveCfg = Debug|Any CPU
		{ABC578E2-47F8-433E-B4FB-61C7052E8CB3}.Debug|Any CPU.Build.0 = Debug|Any CPU
		{ABC578E2-47F8-433E-B4FB-61C7052E8CB3}.Release|Any CPU.ActiveCfg = Release|Any CPU
		{ABC578E2-47F8-433E-B4FB-61C7052E8CB3}.Release|Any CPU.Build.0 = Release|Any CPU
		{AF34F080-442E-4783-A220-018DB5AADE93}.Debug|Any CPU.ActiveCfg = Debug|Any CPU
		{AF34F080-442E-4783-A220-018DB5AADE93}.Debug|Any CPU.Build.0 = Debug|Any CPU
		{AF34F080-442E-4783-A220-018DB5AADE93}.Release|Any CPU.ActiveCfg = Release|Any CPU
		{AF34F080-442E-4783-A220-018DB5AADE93}.Release|Any CPU.Build.0 = Release|Any CPU
		{13CC299D-8F21-447D-B29A-DC25F710277D}.Debug|Any CPU.ActiveCfg = Debug|Any CPU
		{13CC299D-8F21-447D-B29A-DC25F710277D}.Debug|Any CPU.Build.0 = Debug|Any CPU
		{13CC299D-8F21-447D-B29A-DC25F710277D}.Release|Any CPU.ActiveCfg = Release|Any CPU
		{13CC299D-8F21-447D-B29A-DC25F710277D}.Release|Any CPU.Build.0 = Release|Any CPU
		{2464758C-0CCB-40D0-9C16-FCCBF28DF3A4}.Debug|Any CPU.ActiveCfg = Debug|Any CPU
		{2464758C-0CCB-40D0-9C16-FCCBF28DF3A4}.Debug|Any CPU.Build.0 = Debug|Any CPU
		{2464758C-0CCB-40D0-9C16-FCCBF28DF3A4}.Release|Any CPU.ActiveCfg = Release|Any CPU
		{2464758C-0CCB-40D0-9C16-FCCBF28DF3A4}.Release|Any CPU.Build.0 = Release|Any CPU
		{9AF1F83A-216E-4999-95B5-FE7F89C7D6E0}.Debug|Any CPU.ActiveCfg = Debug|Any CPU
		{9AF1F83A-216E-4999-95B5-FE7F89C7D6E0}.Debug|Any CPU.Build.0 = Debug|Any CPU
		{9AF1F83A-216E-4999-95B5-FE7F89C7D6E0}.Release|Any CPU.ActiveCfg = Release|Any CPU
		{9AF1F83A-216E-4999-95B5-FE7F89C7D6E0}.Release|Any CPU.Build.0 = Release|Any CPU
		{17AC3034-A708-4012-9E27-6575E8EC0405}.Debug|Any CPU.ActiveCfg = Debug|Any CPU
		{17AC3034-A708-4012-9E27-6575E8EC0405}.Debug|Any CPU.Build.0 = Debug|Any CPU
		{17AC3034-A708-4012-9E27-6575E8EC0405}.Release|Any CPU.ActiveCfg = Release|Any CPU
		{17AC3034-A708-4012-9E27-6575E8EC0405}.Release|Any CPU.Build.0 = Release|Any CPU
		{DE9E8F00-AE30-4AD4-AC0B-701EB9859D81}.Debug|Any CPU.ActiveCfg = Debug|Any CPU
		{DE9E8F00-AE30-4AD4-AC0B-701EB9859D81}.Debug|Any CPU.Build.0 = Debug|Any CPU
		{DE9E8F00-AE30-4AD4-AC0B-701EB9859D81}.Release|Any CPU.ActiveCfg = Release|Any CPU
		{DE9E8F00-AE30-4AD4-AC0B-701EB9859D81}.Release|Any CPU.Build.0 = Release|Any CPU
		{2C72F156-BB3D-4337-AC8A-8BDE2BEA9113}.Debug|Any CPU.ActiveCfg = Debug|Any CPU
		{2C72F156-BB3D-4337-AC8A-8BDE2BEA9113}.Debug|Any CPU.Build.0 = Debug|Any CPU
		{2C72F156-BB3D-4337-AC8A-8BDE2BEA9113}.Release|Any CPU.ActiveCfg = Release|Any CPU
		{2C72F156-BB3D-4337-AC8A-8BDE2BEA9113}.Release|Any CPU.Build.0 = Release|Any CPU
		{6A6B1A95-0A14-46D9-BC07-C2DC5F90B2A4}.Debug|Any CPU.ActiveCfg = Debug|Any CPU
		{6A6B1A95-0A14-46D9-BC07-C2DC5F90B2A4}.Debug|Any CPU.Build.0 = Debug|Any CPU
		{6A6B1A95-0A14-46D9-BC07-C2DC5F90B2A4}.Release|Any CPU.ActiveCfg = Release|Any CPU
		{6A6B1A95-0A14-46D9-BC07-C2DC5F90B2A4}.Release|Any CPU.Build.0 = Release|Any CPU
		{9683E934-0978-43D8-8CB3-AC4808A4E2B0}.Debug|Any CPU.ActiveCfg = Debug|Any CPU
		{9683E934-0978-43D8-8CB3-AC4808A4E2B0}.Debug|Any CPU.Build.0 = Debug|Any CPU
		{9683E934-0978-43D8-8CB3-AC4808A4E2B0}.Release|Any CPU.ActiveCfg = Release|Any CPU
		{9683E934-0978-43D8-8CB3-AC4808A4E2B0}.Release|Any CPU.Build.0 = Release|Any CPU
		{CC9B18AF-0C3E-46A0-8B3E-318893658ED5}.Debug|Any CPU.ActiveCfg = Debug|Any CPU
		{CC9B18AF-0C3E-46A0-8B3E-318893658ED5}.Debug|Any CPU.Build.0 = Debug|Any CPU
		{CC9B18AF-0C3E-46A0-8B3E-318893658ED5}.Release|Any CPU.ActiveCfg = Release|Any CPU
		{CC9B18AF-0C3E-46A0-8B3E-318893658ED5}.Release|Any CPU.Build.0 = Release|Any CPU
		{72111191-D068-49C8-A9B3-3E4029452840}.Debug|Any CPU.ActiveCfg = Debug|Any CPU
		{72111191-D068-49C8-A9B3-3E4029452840}.Debug|Any CPU.Build.0 = Debug|Any CPU
		{72111191-D068-49C8-A9B3-3E4029452840}.Release|Any CPU.ActiveCfg = Release|Any CPU
		{72111191-D068-49C8-A9B3-3E4029452840}.Release|Any CPU.Build.0 = Release|Any CPU
		{49283D25-8936-44F7-BB1E-57B15652C158}.Debug|Any CPU.ActiveCfg = Debug|Any CPU
		{49283D25-8936-44F7-BB1E-57B15652C158}.Debug|Any CPU.Build.0 = Debug|Any CPU
		{49283D25-8936-44F7-BB1E-57B15652C158}.Release|Any CPU.ActiveCfg = Release|Any CPU
		{49283D25-8936-44F7-BB1E-57B15652C158}.Release|Any CPU.Build.0 = Release|Any CPU
		{6FC8A09E-7346-4822-8BC7-1AC4E8C168B2}.Debug|Any CPU.ActiveCfg = Debug|Any CPU
		{6FC8A09E-7346-4822-8BC7-1AC4E8C168B2}.Debug|Any CPU.Build.0 = Debug|Any CPU
		{6FC8A09E-7346-4822-8BC7-1AC4E8C168B2}.Release|Any CPU.ActiveCfg = Release|Any CPU
		{6FC8A09E-7346-4822-8BC7-1AC4E8C168B2}.Release|Any CPU.Build.0 = Release|Any CPU
		{B726EEB9-D912-423C-9EC1-FCB49F111CA0}.Debug|Any CPU.ActiveCfg = Debug|Any CPU
		{B726EEB9-D912-423C-9EC1-FCB49F111CA0}.Debug|Any CPU.Build.0 = Debug|Any CPU
		{B726EEB9-D912-423C-9EC1-FCB49F111CA0}.Release|Any CPU.ActiveCfg = Release|Any CPU
		{B726EEB9-D912-423C-9EC1-FCB49F111CA0}.Release|Any CPU.Build.0 = Release|Any CPU
		{14AB210C-1588-4311-A375-DC6AC19F193C}.Debug|Any CPU.ActiveCfg = Debug|Any CPU
		{14AB210C-1588-4311-A375-DC6AC19F193C}.Debug|Any CPU.Build.0 = Debug|Any CPU
		{14AB210C-1588-4311-A375-DC6AC19F193C}.Release|Any CPU.ActiveCfg = Release|Any CPU
		{14AB210C-1588-4311-A375-DC6AC19F193C}.Release|Any CPU.Build.0 = Release|Any CPU
		{61B214CA-ECBD-477F-AFE5-AF629F8255FC}.Debug|Any CPU.ActiveCfg = Debug|Any CPU
		{61B214CA-ECBD-477F-AFE5-AF629F8255FC}.Debug|Any CPU.Build.0 = Debug|Any CPU
		{61B214CA-ECBD-477F-AFE5-AF629F8255FC}.Release|Any CPU.ActiveCfg = Release|Any CPU
		{61B214CA-ECBD-477F-AFE5-AF629F8255FC}.Release|Any CPU.Build.0 = Release|Any CPU
		{E0F25F59-6A17-45DA-92F6-9BBD537DC922}.Debug|Any CPU.ActiveCfg = Debug|Any CPU
		{E0F25F59-6A17-45DA-92F6-9BBD537DC922}.Debug|Any CPU.Build.0 = Debug|Any CPU
		{E0F25F59-6A17-45DA-92F6-9BBD537DC922}.Release|Any CPU.ActiveCfg = Release|Any CPU
		{E0F25F59-6A17-45DA-92F6-9BBD537DC922}.Release|Any CPU.Build.0 = Release|Any CPU
		{0C4BECC9-C34D-4CF0-BCB3-64CAF7624DCD}.Debug|Any CPU.ActiveCfg = Debug|Any CPU
		{0C4BECC9-C34D-4CF0-BCB3-64CAF7624DCD}.Debug|Any CPU.Build.0 = Debug|Any CPU
		{0C4BECC9-C34D-4CF0-BCB3-64CAF7624DCD}.Release|Any CPU.ActiveCfg = Release|Any CPU
		{0C4BECC9-C34D-4CF0-BCB3-64CAF7624DCD}.Release|Any CPU.Build.0 = Release|Any CPU
		{C1CEC6FC-18DD-F385-AF7B-E60CB3C9300D}.Debug|Any CPU.ActiveCfg = Debug|Any CPU
		{C1CEC6FC-18DD-F385-AF7B-E60CB3C9300D}.Debug|Any CPU.Build.0 = Debug|Any CPU
		{C1CEC6FC-18DD-F385-AF7B-E60CB3C9300D}.Release|Any CPU.ActiveCfg = Release|Any CPU
		{C1CEC6FC-18DD-F385-AF7B-E60CB3C9300D}.Release|Any CPU.Build.0 = Release|Any CPU
		{709396EF-2667-4923-B4E5-8CFD72DBCA44}.Debug|Any CPU.ActiveCfg = Debug|Any CPU
		{709396EF-2667-4923-B4E5-8CFD72DBCA44}.Debug|Any CPU.Build.0 = Debug|Any CPU
		{709396EF-2667-4923-B4E5-8CFD72DBCA44}.Release|Any CPU.ActiveCfg = Release|Any CPU
		{709396EF-2667-4923-B4E5-8CFD72DBCA44}.Release|Any CPU.Build.0 = Release|Any CPU
		{ECBD988C-C118-4A70-89E3-C492C03C121C}.Debug|Any CPU.ActiveCfg = Debug|Any CPU
		{ECBD988C-C118-4A70-89E3-C492C03C121C}.Debug|Any CPU.Build.0 = Debug|Any CPU
		{ECBD988C-C118-4A70-89E3-C492C03C121C}.Release|Any CPU.ActiveCfg = Release|Any CPU
		{ECBD988C-C118-4A70-89E3-C492C03C121C}.Release|Any CPU.Build.0 = Release|Any CPU
		{1105083C-9510-4302-A8DA-AFBC8DC70348}.Debug|Any CPU.ActiveCfg = Debug|Any CPU
		{1105083C-9510-4302-A8DA-AFBC8DC70348}.Debug|Any CPU.Build.0 = Debug|Any CPU
		{1105083C-9510-4302-A8DA-AFBC8DC70348}.Release|Any CPU.ActiveCfg = Release|Any CPU
		{1105083C-9510-4302-A8DA-AFBC8DC70348}.Release|Any CPU.Build.0 = Release|Any CPU
		{62C89C6C-851C-4EA6-8208-16B6E5184334}.Debug|Any CPU.ActiveCfg = Debug|Any CPU
		{62C89C6C-851C-4EA6-8208-16B6E5184334}.Debug|Any CPU.Build.0 = Debug|Any CPU
		{62C89C6C-851C-4EA6-8208-16B6E5184334}.Release|Any CPU.ActiveCfg = Release|Any CPU
		{62C89C6C-851C-4EA6-8208-16B6E5184334}.Release|Any CPU.Build.0 = Release|Any CPU
		{9B323333-D514-46BF-A544-E7DCB898A862}.Debug|Any CPU.ActiveCfg = Debug|Any CPU
		{9B323333-D514-46BF-A544-E7DCB898A862}.Debug|Any CPU.Build.0 = Debug|Any CPU
		{9B323333-D514-46BF-A544-E7DCB898A862}.Release|Any CPU.ActiveCfg = Release|Any CPU
		{9B323333-D514-46BF-A544-E7DCB898A862}.Release|Any CPU.Build.0 = Release|Any CPU
		{A640D3AD-4A81-45D7-8A9D-89AF94AA393E}.Debug|Any CPU.ActiveCfg = Debug|Any CPU
		{A640D3AD-4A81-45D7-8A9D-89AF94AA393E}.Debug|Any CPU.Build.0 = Debug|Any CPU
		{A640D3AD-4A81-45D7-8A9D-89AF94AA393E}.Release|Any CPU.ActiveCfg = Release|Any CPU
		{A640D3AD-4A81-45D7-8A9D-89AF94AA393E}.Release|Any CPU.Build.0 = Release|Any CPU
	EndGlobalSection
	GlobalSection(SolutionProperties) = preSolution
		HideSolutionNode = FALSE
	EndGlobalSection
	GlobalSection(ExtensibilityGlobals) = postSolution
		SolutionGuid = {677160AA-C202-48C0-B11A-3EB182FE03A8}
	EndGlobalSection
EndGlobal
